
Microsoft Visual Studio Solution File, Format Version 12.00
# Visual Studio Version 16
VisualStudioVersion = 16.0.31515.178
MinimumVisualStudioVersion = 10.0.40219.1
Project("{FAE04EC0-301F-11D3-BF4B-00C04F79EFBC}") = "Assignment2", "Assignment2\Assignment2.csproj", "{86DE0FD0-EDAD-4EE8-B49F-F843B601E5C9}"
EndProject
Global
	GlobalSection(SolutionConfigurationPlatforms) = preSolution
		Debug|Any CPU = Debug|Any CPU
		Release|Any CPU = Release|Any CPU
	EndGlobalSection
	GlobalSection(ProjectConfigurationPlatforms) = postSolution
		{86DE0FD0-EDAD-4EE8-B49F-F843B601E5C9}.Debug|Any CPU.ActiveCfg = Debug|Any CPU
		{86DE0FD0-EDAD-4EE8-B49F-F843B601E5C9}.Debug|Any CPU.Build.0 = Debug|Any CPU
		{86DE0FD0-EDAD-4EE8-B49F-F843B601E5C9}.Release|Any CPU.ActiveCfg = Release|Any CPU
		{86DE0FD0-EDAD-4EE8-B49F-F843B601E5C9}.Release|Any CPU.Build.0 = Release|Any CPU
	EndGlobalSection
	GlobalSection(SolutionProperties) = preSolution
		HideSolutionNode = FALSE
	EndGlobalSection
	GlobalSection(ExtensibilityGlobals) = postSolution
		SolutionGuid = {ED0011EC-23FD-4282-9C98-9CEE47A11358}
	EndGlobalSection
EndGlobal
